
Microsoft Visual Studio Solution File, Format Version 12.00
# Visual Studio Version 17
VisualStudioVersion = 17.7.34024.191
MinimumVisualStudioVersion = 10.0.40219.1
Project("{2150E333-8FDC-42A3-9474-1A3956D46DE8}") = "Services", "Services", "{92FD076C-3679-4EAD-B30B-6CF104A8AB0F}"
	ProjectSection(SolutionItems) = preProject
		Ports.txt = Ports.txt
	EndProjectSection
EndProject
Project("{2150E333-8FDC-42A3-9474-1A3956D46DE8}") = "Catalog", "Catalog", "{1D833531-269B-4296-BEA9-58868C72CD29}"
EndProject
Project("{9A19103F-16F7-4668-BE54-9A1E7A4F7556}") = "FreeCourse.Services.Catalog", "Services\Catalog\FreeCourse.Services.Catalog\FreeCourse.Services.Catalog.csproj", "{E69C93D0-050E-4CF1-90D8-EA7BDC20EF47}"
EndProject
Project("{2150E333-8FDC-42A3-9474-1A3956D46DE8}") = "Shared", "Shared", "{284154E2-61AC-44B8-BBCD-94D819A5C2D5}"
EndProject
Project("{9A19103F-16F7-4668-BE54-9A1E7A4F7556}") = "FreeCourse.Shared", "Shared\FreeCourse.Shared\FreeCourse.Shared.csproj", "{FF09029B-C04E-4F8B-B05C-E9AF02BB5A5A}"
EndProject
Project("{2150E333-8FDC-42A3-9474-1A3956D46DE8}") = "IdentityServer", "IdentityServer", "{C31885CC-C91B-40F9-8AB3-78704E41F2C8}"
EndProject
Project("{9A19103F-16F7-4668-BE54-9A1E7A4F7556}") = "FreeCourse.IdentityServer", "IdentityServer\FreeCourse.IdentityServer\FreeCourse.IdentityServer.csproj", "{365CBAE9-5E61-415D-86C6-7C0E25A7B744}"
EndProject
Project("{2150E333-8FDC-42A3-9474-1A3956D46DE8}") = "PhotoStock", "PhotoStock", "{1E5B486A-2796-4B0F-B3EF-03D316418792}"
EndProject
Project("{9A19103F-16F7-4668-BE54-9A1E7A4F7556}") = "FreeCourse.Services.PhotoStock", "Services\PhotoStock\FreeCourse.Services.PhotoStock\FreeCourse.Services.PhotoStock.csproj", "{6C28B662-91ED-4BA2-A502-15117C22196F}"
EndProject
Project("{2150E333-8FDC-42A3-9474-1A3956D46DE8}") = "Basket", "Basket", "{8EC24A75-1445-44E4-96CD-E6F45FE201DD}"
EndProject
Project("{9A19103F-16F7-4668-BE54-9A1E7A4F7556}") = "FreeCourse.Services.Basket", "Services\Basket\FreeCourse.Services.Basket\FreeCourse.Services.Basket.csproj", "{BEEADF63-6635-4B13-9D0C-432F7D6ACBBE}"
EndProject
Project("{2150E333-8FDC-42A3-9474-1A3956D46DE8}") = "Discount", "Discount", "{E7DE4855-B7FD-41D0-9286-4A4D4920F210}"
EndProject
Project("{FAE04EC0-301F-11D3-BF4B-00C04F79EFBC}") = "FreeCourse.Services.Discount", "Services\Discount\FreeCourse.Services.Discount\FreeCourse.Services.Discount.csproj", "{6AB23B16-1089-445F-A5E0-45D87BA55673}"
EndProject
Global
	GlobalSection(SolutionConfigurationPlatforms) = preSolution
		Debug|Any CPU = Debug|Any CPU
		Release|Any CPU = Release|Any CPU
	EndGlobalSection
	GlobalSection(ProjectConfigurationPlatforms) = postSolution
		{E69C93D0-050E-4CF1-90D8-EA7BDC20EF47}.Debug|Any CPU.ActiveCfg = Debug|Any CPU
		{E69C93D0-050E-4CF1-90D8-EA7BDC20EF47}.Debug|Any CPU.Build.0 = Debug|Any CPU
		{E69C93D0-050E-4CF1-90D8-EA7BDC20EF47}.Release|Any CPU.ActiveCfg = Release|Any CPU
		{E69C93D0-050E-4CF1-90D8-EA7BDC20EF47}.Release|Any CPU.Build.0 = Release|Any CPU
		{FF09029B-C04E-4F8B-B05C-E9AF02BB5A5A}.Debug|Any CPU.ActiveCfg = Debug|Any CPU
		{FF09029B-C04E-4F8B-B05C-E9AF02BB5A5A}.Debug|Any CPU.Build.0 = Debug|Any CPU
		{FF09029B-C04E-4F8B-B05C-E9AF02BB5A5A}.Release|Any CPU.ActiveCfg = Release|Any CPU
		{FF09029B-C04E-4F8B-B05C-E9AF02BB5A5A}.Release|Any CPU.Build.0 = Release|Any CPU
		{365CBAE9-5E61-415D-86C6-7C0E25A7B744}.Debug|Any CPU.ActiveCfg = Debug|Any CPU
		{365CBAE9-5E61-415D-86C6-7C0E25A7B744}.Debug|Any CPU.Build.0 = Debug|Any CPU
		{365CBAE9-5E61-415D-86C6-7C0E25A7B744}.Release|Any CPU.ActiveCfg = Release|Any CPU
		{365CBAE9-5E61-415D-86C6-7C0E25A7B744}.Release|Any CPU.Build.0 = Release|Any CPU
		{6C28B662-91ED-4BA2-A502-15117C22196F}.Debug|Any CPU.ActiveCfg = Debug|Any CPU
		{6C28B662-91ED-4BA2-A502-15117C22196F}.Debug|Any CPU.Build.0 = Debug|Any CPU
		{6C28B662-91ED-4BA2-A502-15117C22196F}.Release|Any CPU.ActiveCfg = Release|Any CPU
		{6C28B662-91ED-4BA2-A502-15117C22196F}.Release|Any CPU.Build.0 = Release|Any CPU
		{BEEADF63-6635-4B13-9D0C-432F7D6ACBBE}.Debug|Any CPU.ActiveCfg = Debug|Any CPU
		{BEEADF63-6635-4B13-9D0C-432F7D6ACBBE}.Debug|Any CPU.Build.0 = Debug|Any CPU
		{BEEADF63-6635-4B13-9D0C-432F7D6ACBBE}.Release|Any CPU.ActiveCfg = Release|Any CPU
		{BEEADF63-6635-4B13-9D0C-432F7D6ACBBE}.Release|Any CPU.Build.0 = Release|Any CPU
		{6AB23B16-1089-445F-A5E0-45D87BA55673}.Debug|Any CPU.ActiveCfg = Debug|Any CPU
		{6AB23B16-1089-445F-A5E0-45D87BA55673}.Debug|Any CPU.Build.0 = Debug|Any CPU
		{6AB23B16-1089-445F-A5E0-45D87BA55673}.Release|Any CPU.ActiveCfg = Release|Any CPU
		{6AB23B16-1089-445F-A5E0-45D87BA55673}.Release|Any CPU.Build.0 = Release|Any CPU
	EndGlobalSection
	GlobalSection(SolutionProperties) = preSolution
		HideSolutionNode = FALSE
	EndGlobalSection
	GlobalSection(NestedProjects) = preSolution
		{1D833531-269B-4296-BEA9-58868C72CD29} = {92FD076C-3679-4EAD-B30B-6CF104A8AB0F}
		{E69C93D0-050E-4CF1-90D8-EA7BDC20EF47} = {1D833531-269B-4296-BEA9-58868C72CD29}
		{FF09029B-C04E-4F8B-B05C-E9AF02BB5A5A} = {284154E2-61AC-44B8-BBCD-94D819A5C2D5}
		{365CBAE9-5E61-415D-86C6-7C0E25A7B744} = {C31885CC-C91B-40F9-8AB3-78704E41F2C8}
		{1E5B486A-2796-4B0F-B3EF-03D316418792} = {92FD076C-3679-4EAD-B30B-6CF104A8AB0F}
		{6C28B662-91ED-4BA2-A502-15117C22196F} = {1E5B486A-2796-4B0F-B3EF-03D316418792}
		{8EC24A75-1445-44E4-96CD-E6F45FE201DD} = {92FD076C-3679-4EAD-B30B-6CF104A8AB0F}
		{BEEADF63-6635-4B13-9D0C-432F7D6ACBBE} = {8EC24A75-1445-44E4-96CD-E6F45FE201DD}
		{E7DE4855-B7FD-41D0-9286-4A4D4920F210} = {92FD076C-3679-4EAD-B30B-6CF104A8AB0F}
		{6AB23B16-1089-445F-A5E0-45D87BA55673} = {E7DE4855-B7FD-41D0-9286-4A4D4920F210}
	EndGlobalSection
	GlobalSection(ExtensibilityGlobals) = postSolution
		SolutionGuid = {404021E2-0FDA-4650-A481-754A6427308E}
	EndGlobalSection
EndGlobal
